
Microsoft Visual Studio Solution File, Format Version 12.00
# Visual Studio 2013
VisualStudioVersion = 12.0.30723.0
MinimumVisualStudioVersion = 10.0.40219.1
Project("{FAE04EC0-301F-11D3-BF4B-00C04F79EFBC}") = "DirectoryScanner", "DirectoryScanner\DirectoryScanner.csproj", "{1246C2A0-4579-4B21-9DFA-23118B3D5E32}"
EndProject
Project("{FAE04EC0-301F-11D3-BF4B-00C04F79EFBC}") = "FixCsproj", "FixCsproj\FixCsproj.csproj", "{2A62F213-4641-484B-A663-B240D2D22A1E}"
EndProject
Project("{FAE04EC0-301F-11D3-BF4B-00C04F79EFBC}") = "DirectoryFilesValidationGui", "DirectoryFilesValidationGui\DirectoryFilesValidationGui.csproj", "{A7394495-B770-44A2-B696-EFDEE1D612DA}"
EndProject
Global
	GlobalSection(SolutionConfigurationPlatforms) = preSolution
		Debug|Any CPU = Debug|Any CPU
		Release|Any CPU = Release|Any CPU
	EndGlobalSection
	GlobalSection(ProjectConfigurationPlatforms) = postSolution
		{1246C2A0-4579-4B21-9DFA-23118B3D5E32}.Debug|Any CPU.ActiveCfg = Debug|Any CPU
		{1246C2A0-4579-4B21-9DFA-23118B3D5E32}.Debug|Any CPU.Build.0 = Debug|Any CPU
		{1246C2A0-4579-4B21-9DFA-23118B3D5E32}.Release|Any CPU.ActiveCfg = Release|Any CPU
		{1246C2A0-4579-4B21-9DFA-23118B3D5E32}.Release|Any CPU.Build.0 = Release|Any CPU
		{2A62F213-4641-484B-A663-B240D2D22A1E}.Debug|Any CPU.ActiveCfg = Debug|Any CPU
		{2A62F213-4641-484B-A663-B240D2D22A1E}.Debug|Any CPU.Build.0 = Debug|Any CPU
		{2A62F213-4641-484B-A663-B240D2D22A1E}.Release|Any CPU.ActiveCfg = Release|Any CPU
		{2A62F213-4641-484B-A663-B240D2D22A1E}.Release|Any CPU.Build.0 = Release|Any CPU
		{A7394495-B770-44A2-B696-EFDEE1D612DA}.Debug|Any CPU.ActiveCfg = Debug|Any CPU
		{A7394495-B770-44A2-B696-EFDEE1D612DA}.Debug|Any CPU.Build.0 = Debug|Any CPU
		{A7394495-B770-44A2-B696-EFDEE1D612DA}.Release|Any CPU.ActiveCfg = Release|Any CPU
		{A7394495-B770-44A2-B696-EFDEE1D612DA}.Release|Any CPU.Build.0 = Release|Any CPU
	EndGlobalSection
	GlobalSection(SolutionProperties) = preSolution
		HideSolutionNode = FALSE
	EndGlobalSection
EndGlobal
